
Microsoft Visual Studio Solution File, Format Version 12.00
# Visual Studio Version 17
VisualStudioVersion = 17.0.31903.59
MinimumVisualStudioVersion = 10.0.40219.1
Project("{FAE04EC0-301F-11D3-BF4B-00C04F79EFBC}") = "MeuPrograma", "MeuPrograma\MeuPrograma.csproj", "{7A931556-352E-4F5D-9DB2-FFE5709F8CE8}"
EndProject
Project("{FAE04EC0-301F-11D3-BF4B-00C04F79EFBC}") = "VariousTypes", "VariousTypes\VariousTypes.csproj", "{88140146-39C1-499C-AB04-CE6EF53E51AA}"
EndProject
Global
	GlobalSection(SolutionConfigurationPlatforms) = preSolution
		Debug|Any CPU = Debug|Any CPU
		Release|Any CPU = Release|Any CPU
	EndGlobalSection
	GlobalSection(SolutionProperties) = preSolution
		HideSolutionNode = FALSE
	EndGlobalSection
	GlobalSection(ProjectConfigurationPlatforms) = postSolution
		{7A931556-352E-4F5D-9DB2-FFE5709F8CE8}.Debug|Any CPU.ActiveCfg = Debug|Any CPU
		{7A931556-352E-4F5D-9DB2-FFE5709F8CE8}.Debug|Any CPU.Build.0 = Debug|Any CPU
		{7A931556-352E-4F5D-9DB2-FFE5709F8CE8}.Release|Any CPU.ActiveCfg = Release|Any CPU
		{7A931556-352E-4F5D-9DB2-FFE5709F8CE8}.Release|Any CPU.Build.0 = Release|Any CPU
		{88140146-39C1-499C-AB04-CE6EF53E51AA}.Debug|Any CPU.ActiveCfg = Debug|Any CPU
		{88140146-39C1-499C-AB04-CE6EF53E51AA}.Debug|Any CPU.Build.0 = Debug|Any CPU
		{88140146-39C1-499C-AB04-CE6EF53E51AA}.Release|Any CPU.ActiveCfg = Release|Any CPU
		{88140146-39C1-499C-AB04-CE6EF53E51AA}.Release|Any CPU.Build.0 = Release|Any CPU
	EndGlobalSection
EndGlobal
